PODS:
  - ARChromeActivity (1.0.5)
  - Bolts (1.8.4):
    - Bolts/AppLinks (= 1.8.4)
    - Bolts/Tasks (= 1.8.4)
  - Bolts/AppLinks (1.8.4):
    - Bolts/Tasks
  - Bolts/Tasks (1.8.4)
  - ChameleonFramework/Default (2.1.0)
  - ChameleonFramework/Swift (2.1.0):
    - ChameleonFramework/Default
  - Crashlytics (3.8.3):
    - Fabric (~> 1.6.3)
  - DZNEmptyDataSet (1.8.1)
  - Fabric (1.6.11)
  - Facebook-iOS-SDK (3.24.4):
    - Bolts (~> 1.2)
  - Fusuma (0.6.0)
  - KINWebBrowser (1.3.2):
    - ARChromeActivity (= 1.0.5)
    - TUSafariActivity (= 1.0.4)
  - LaunchKit (2.1.4):
    - LaunchKit/LaunchKit (= 2.1.4)
  - LaunchKit/LaunchKit (2.1.4)
  - MBProgressHUD (1.0.0)
  - Parse (1.14.2):
    - Bolts/Tasks (~> 1.8)
  - ParseFacebookUtils (1.10.0):
    - Bolts/Tasks (~> 1.5)
    - Facebook-iOS-SDK (~> 3.24)
    - Parse (~> 1.9)
  - ParseTwitterUtils (1.11.0):
    - Bolts/Tasks (~> 1.7)
    - Parse (~> 1.13)
  - ParseUI (1.2.0):
    - Bolts/Tasks (~> 1.3)
    - Parse (~> 1.9)
  - SDCSegmentedViewController (1.6)
  - TUSafariActivity (1.0.4)
  - TwitterCore (2.5.0):
    - Fabric
  - TwitterKit (2.5.0):
    - TwitterCore (= 2.5.0)

DEPENDENCIES:
  - ChameleonFramework/Swift
  - Crashlytics
  - DZNEmptyDataSet
  - Fabric
  - Fusuma (~> 0.5)
  - KINWebBrowser
  - LaunchKit
  - MBProgressHUD
  - Parse
  - ParseFacebookUtils
  - ParseTwitterUtils
  - ParseUI
  - SDCSegmentedViewController
  - TwitterCore
  - TwitterKit

SPEC CHECKSUMS:
  ARChromeActivity: 821c7849b566f49583987468733a896fee35aa4d
  Bolts: 8a7995239dbe724f9cba2248b766d48b7ebdd322
  ChameleonFramework: d21a3cc247abfe5e37609a283a8238b03575cf64
  Crashlytics: 2b6dbe138a42395577cfa73dfa1aa7248cadf39e
  DZNEmptyDataSet: 9525833b9e68ac21c30253e1d3d7076cc828eaa7
  Fabric: 5911403591946b8228ab1c51d98f1d7137e863c6
  Facebook-iOS-SDK: 5a7c414a084708220b72d5fd016f2cf3eb6deda4
  Fusuma: 7972680a46c4333e85fba495d8aec0f1f8e1f695
  KINWebBrowser: 27aa857a2aa39063ed102cca781d130b679d205f
  LaunchKit: 95ad4fb171a0f8ea1c80aa26d4fb7bd637788f9c
  MBProgressHUD: 4890f671c94e8a0f3cf959aa731e9de2f036d71a
  Parse: 4335d65f40cb3d43190d723144bbe1afb9c38230
  ParseFacebookUtils: 7030f53c989fda36ad50029d90edec1327424317
  ParseTwitterUtils: 0dde9689565e7012d83f892c64aed2ebe69f2ea9
  ParseUI: af2eba584799da4a9fbdac0e178662d7438b502e
  SDCSegmentedViewController: 10115e887dd94e32abde74e1ee32eaeb44812299
  TUSafariActivity: afc55a00965377939107ce4fdc7f951f62454546
  TwitterCore: 95c46af93112768a7983bd370d66023553601d01
  TwitterKit: dd8042698b0ff5bd3066fa919b3b2b50d8eed829

PODFILE CHECKSUM: 70055d71f2e092fe8caba13c8b1ddc2d419579b7

COCOAPODS: 1.1.0.rc.2
