PODS:
  - Bolts (1.8.4):
    - Bolts/AppLinks (= 1.8.4)
    - Bolts/Tasks (= 1.8.4)
  - Bolts/AppLinks (1.8.4):
    - Bolts/Tasks
  - Bolts/Tasks (1.8.4)
  - ChameleonFramework/Default (2.1.0)
  - ChameleonFramework/Swift (2.1.0):
    - ChameleonFramework/Default
  - Crashlytics (3.8.2):
    - Fabric (~> 1.6.3)
  - DZNEmptyDataSet (1.8.1)
  - Fabric (1.6.9)
  - Facebook-iOS-SDK (3.24.4):
    - Bolts (~> 1.2)
  - LaunchKit (2.1.4):
    - LaunchKit/LaunchKit (= 2.1.4)
  - LaunchKit/LaunchKit (2.1.4)
  - MBProgressHUD (1.0.0)
  - Parse (1.14.2):
    - Bolts/Tasks (~> 1.8)
  - ParseFacebookUtils (1.10.0):
    - Bolts/Tasks (~> 1.5)
    - Facebook-iOS-SDK (~> 3.24)
    - Parse (~> 1.9)
  - ParseUI (1.2.0):
    - Bolts/Tasks (~> 1.3)
    - Parse (~> 1.9)
  - SDCSegmentedViewController (1.6)

DEPENDENCIES:
  - ChameleonFramework/Swift
  - Crashlytics
  - DZNEmptyDataSet
  - Fabric
  - LaunchKit
  - MBProgressHUD
  - Parse
  - ParseFacebookUtils
  - ParseUI
  - SDCSegmentedViewController

SPEC CHECKSUMS:
  Bolts: 8a7995239dbe724f9cba2248b766d48b7ebdd322
  ChameleonFramework: d21a3cc247abfe5e37609a283a8238b03575cf64
  Crashlytics: 27acca95a01b042a8294291dd6dff27f8f6af6d7
  DZNEmptyDataSet: 9525833b9e68ac21c30253e1d3d7076cc828eaa7
  Fabric: bc5bec42cef4bcf1ee3ce0e218fc518e4b44dfbb
  Facebook-iOS-SDK: 5a7c414a084708220b72d5fd016f2cf3eb6deda4
  LaunchKit: 95ad4fb171a0f8ea1c80aa26d4fb7bd637788f9c
  MBProgressHUD: 4890f671c94e8a0f3cf959aa731e9de2f036d71a
  Parse: 4335d65f40cb3d43190d723144bbe1afb9c38230
  ParseFacebookUtils: 7030f53c989fda36ad50029d90edec1327424317
  ParseUI: af2eba584799da4a9fbdac0e178662d7438b502e
  SDCSegmentedViewController: 10115e887dd94e32abde74e1ee32eaeb44812299

PODFILE CHECKSUM: 9e2e931cf710dab86878e88b3cb2808705226349

COCOAPODS: 1.1.0.rc.2
